
Microsoft Visual Studio Solution File, Format Version 12.00
# Visual Studio Version 17
VisualStudioVersion = 17.4.33213.308
MinimumVisualStudioVersion = 10.0.40219.1
Project("{9A19103F-16F7-4668-BE54-9A1E7A4F7556}") = "ShoppingCentre", "ShoppingCentre\ShoppingCentre.csproj", "{B5006B2F-E95C-4068-B0F0-D599B4CA35B4}"
EndProject
Global
	GlobalSection(SolutionConfigurationPlatforms) = preSolution
		Debug|Any CPU = Debug|Any CPU
		Release|Any CPU = Release|Any CPU
	EndGlobalSection
	GlobalSection(ProjectConfigurationPlatforms) = postSolution
		{B5006B2F-E95C-4068-B0F0-D599B4CA35B4}.Debug|Any CPU.ActiveCfg = Debug|Any CPU
		{B5006B2F-E95C-4068-B0F0-D599B4CA35B4}.Debug|Any CPU.Build.0 = Debug|Any CPU
		{B5006B2F-E95C-4068-B0F0-D599B4CA35B4}.Release|Any CPU.ActiveCfg = Release|Any CPU
		{B5006B2F-E95C-4068-B0F0-D599B4CA35B4}.Release|Any CPU.Build.0 = Release|Any CPU
	EndGlobalSection
	GlobalSection(SolutionProperties) = preSolution
		HideSolutionNode = FALSE
	EndGlobalSection
	GlobalSection(ExtensibilityGlobals) = postSolution
		SolutionGuid = {9D8AD816-5056-4790-8673-D1CC68AD12BE}
	EndGlobalSection
EndGlobal
